
Microsoft Visual Studio Solution File, Format Version 12.00
# Visual Studio Version 17
VisualStudioVersion = 17.14.36811.4 d17.14
MinimumVisualStudioVersion = 10.0.40219.1
Project("{FAE04EC0-301F-11D3-BF4B-00C04F79EFBC}") = "Procurement.Analysis", "Procurement.Analysis\Procurement.Analysis.csproj", "{D8978F26-DF93-43C6-9C68-E6AB7A61EBE9}"
EndProject
Global
	GlobalSection(SolutionConfigurationPlatforms) = preSolution
		Debug|Any CPU = Debug|Any CPU
		Release|Any CPU = Release|Any CPU
	EndGlobalSection
	GlobalSection(ProjectConfigurationPlatforms) = postSolution
		{D8978F26-DF93-43C6-9C68-E6AB7A61EBE9}.Debug|Any CPU.ActiveCfg = Debug|Any CPU
		{D8978F26-DF93-43C6-9C68-E6AB7A61EBE9}.Debug|Any CPU.Build.0 = Debug|Any CPU
		{D8978F26-DF93-43C6-9C68-E6AB7A61EBE9}.Release|Any CPU.ActiveCfg = Release|Any CPU
		{D8978F26-DF93-43C6-9C68-E6AB7A61EBE9}.Release|Any CPU.Build.0 = Release|Any CPU
	EndGlobalSection
	GlobalSection(SolutionProperties) = preSolution
		HideSolutionNode = FALSE
	EndGlobalSection
	GlobalSection(ExtensibilityGlobals) = postSolution
		SolutionGuid = {FE44F519-ADCE-4311-BD0E-3D27A308BC23}
	EndGlobalSection
EndGlobal
